PODS:
  - AFNetworking (4.0.1):
    - AFNetworking/NSURLSession (= 4.0.1)
    - AFNetworking/Reachability (= 4.0.1)
    - AFNetworking/Security (= 4.0.1)
    - AFNetworking/Serialization (= 4.0.1)
    - AFNetworking/UIKit (= 4.0.1)
  - AFNetworking/NSURLSession (4.0.1):
    - AFNetworking/Reachability
    - AFNetworking/Security
    - AFNetworking/Serialization
  - AFNetworking/Reachability (4.0.1)
  - AFNetworking/Security (4.0.1)
  - AFNetworking/Serialization (4.0.1)
  - AFNetworking/UIKit (4.0.1):
    - AFNetworking/NSURLSession
  - Flutter (1.0.0)
  - image_pickers (0.0.1):
    - AFNetworking
    - Flutter
    - SDWebImage
    - ZLPhotoBrowser
  - SDWebImage (5.13.4):
    - SDWebImage/Core (= 5.13.4)
  - SDWebImage/Core (5.13.4)
  - ZLPhotoBrowser (4.3.7):
    - ZLPhotoBrowser/Core (= 4.3.7)
  - ZLPhotoBrowser/Core (4.3.7)

DEPENDENCIES:
  - Flutter (from `Flutter`)
  - image_pickers (from `.symlinks/plugins/image_pickers/ios`)

SPEC REPOS:
  trunk:
    - AFNetworking
    - SDWebImage
    - ZLPhotoBrowser

EXTERNAL SOURCES:
  Flutter:
    :path: Flutter
  image_pickers:
    :path: ".symlinks/plugins/image_pickers/ios"

SPEC CHECKSUMS:
  AFNetworking: 7864c38297c79aaca1500c33288e429c3451fdce
  Flutter: f04841e97a9d0b0a8025694d0796dd46242b2854
  image_pickers: 075764ed041c5e3089fcd4d040384ecdb23840e0
  SDWebImage: e5cc87bf736e60f49592f307bdf9e157189298a3
  ZLPhotoBrowser: f571bdaec6d0b64ae94a29787e4c7cbd8900d10f

PODFILE CHECKSUM: ef19549a9bc3046e7bb7d2fab4d021637c0c58a3

COCOAPODS: 1.11.3
